
Microsoft Visual Studio Solution File, Format Version 12.00
# Visual Studio 15
VisualStudioVersion = 15.0.26730.12
MinimumVisualStudioVersion = 10.0.40219.1
Project("{8BC9CEB8-8B4A-11D0-8D11-00A0C91BC942}") = "YouCanNotKillTheProcess", "YouCanNotKillTheProcess\YouCanNotKillTheProcess.vcxproj", "{DC182C6E-E1F3-4722-B4EA-0CE48BCEC79C}"
EndProject
Global
	GlobalSection(SolutionConfigurationPlatforms) = preSolution
		Debug|x64 = Debug|x64
		Debug|x86 = Debug|x86
		Release|x64 = Release|x64
		Release|x86 = Release|x86
	EndGlobalSection
	GlobalSection(ProjectConfigurationPlatforms) = postSolution
		{DC182C6E-E1F3-4722-B4EA-0CE48BCEC79C}.Debug|x64.ActiveCfg = Debug|x64
		{DC182C6E-E1F3-4722-B4EA-0CE48BCEC79C}.Debug|x64.Build.0 = Debug|x64
		{DC182C6E-E1F3-4722-B4EA-0CE48BCEC79C}.Debug|x86.ActiveCfg = Debug|Win32
		{DC182C6E-E1F3-4722-B4EA-0CE48BCEC79C}.Debug|x86.Build.0 = Debug|Win32
		{DC182C6E-E1F3-4722-B4EA-0CE48BCEC79C}.Release|x64.ActiveCfg = Release|x64
		{DC182C6E-E1F3-4722-B4EA-0CE48BCEC79C}.Release|x64.Build.0 = Release|x64
		{DC182C6E-E1F3-4722-B4EA-0CE48BCEC79C}.Release|x86.ActiveCfg = Release|Win32
		{DC182C6E-E1F3-4722-B4EA-0CE48BCEC79C}.Release|x86.Build.0 = Release|Win32
	EndGlobalSection
	GlobalSection(SolutionProperties) = preSolution
		HideSolutionNode = FALSE
	EndGlobalSection
	GlobalSection(ExtensibilityGlobals) = postSolution
		SolutionGuid = {5E811E74-DB30-4477-A098-5563801EE1B0}
	EndGlobalSection
EndGlobal
